
Microsoft Visual Studio Solution File, Format Version 12.00
# Visual Studio Version 16
VisualStudioVersion = 16.0.29728.190
MinimumVisualStudioVersion = 10.0.40219.1
Project("{FAE04EC0-301F-11D3-BF4B-00C04F79EFBC}") = "WinFormLayihe", "WinFormLayihe\WinFormLayihe.csproj", "{4D8C5C1D-5C88-4C25-BACF-26F0BA9F2C06}"
EndProject
Global
	GlobalSection(SolutionConfigurationPlatforms) = preSolution
		Debug|Any CPU = Debug|Any CPU
		Release|Any CPU = Release|Any CPU
	EndGlobalSection
	GlobalSection(ProjectConfigurationPlatforms) = postSolution
		{4D8C5C1D-5C88-4C25-BACF-26F0BA9F2C06}.Debug|Any CPU.ActiveCfg = Debug|Any CPU
		{4D8C5C1D-5C88-4C25-BACF-26F0BA9F2C06}.Debug|Any CPU.Build.0 = Debug|Any CPU
		{4D8C5C1D-5C88-4C25-BACF-26F0BA9F2C06}.Release|Any CPU.ActiveCfg = Release|Any CPU
		{4D8C5C1D-5C88-4C25-BACF-26F0BA9F2C06}.Release|Any CPU.Build.0 = Release|Any CPU
	EndGlobalSection
	GlobalSection(SolutionProperties) = preSolution
		HideSolutionNode = FALSE
	EndGlobalSection
	GlobalSection(ExtensibilityGlobals) = postSolution
		SolutionGuid = {D2C01C44-7828-4C72-91F6-B86F21011490}
	EndGlobalSection
EndGlobal
